<Solution>
  <Project Path="../Blazor/Tests/Infra/Tests.Infra.csproj" />
  <Project Path="../Blazor/Tests/Logic/Tests.Logic.csproj" />
  <Project Path="Code/Aids/Aids.csproj" />
  <Project Path="Code/Data/Data.csproj" />
  <Project Path="Code/Infra/Infra.csproj" />
  <Project Path="Code/Logic/Logic.csproj" />
  <Project Path="Code/Razor/Razor.csproj" />
  <Project Path="Code/Shared/Shared.csproj" />
  <Project Path="GymSystem.Client/GymSystem.Client.csproj" />
  <Project Path="GymSystem/GymSystem.csproj" />
  <Project Path="Tests/Aids/Tests.Aids.csproj" />
  <Project Path="Tests/Data/Tests.Data.csproj" />
</Solution>
